// !$*UTF8*$!
{
	archiveVersion = 1;
	classes = {
	};
	objectVersion = 56;
	objects = {

/* Begin PBXBuildFile section */
		7E1588F329E7961400C09E62 /* AppDelegate.swift in Sources */ = {isa = PBXBuildFile; fileRef = 7E1588F229E7961400C09E62 /* AppDelegate.swift */; };
		7E1588F529E7961400C09E62 /* SceneDelegate.swift in Sources */ = {isa = PBXBuildFile; fileRef = 7E1588F429E7961400C09E62 /* SceneDelegate.swift */; };
		7E1588F729E7961400C09E62 /* MemeEditorViewController.swift in Sources */ = {isa = PBXBuildFile; fileRef = 7E1588F629E7961400C09E62 /* MemeEditorViewController.swift */; };
		7E1588FA29E7961400C09E62 /* Main.storyboard in Resources */ = {isa = PBXBuildFile; fileRef = 7E1588F829E7961400C09E62 /* Main.storyboard */; };
		7E1588FC29E7961500C09E62 /* Assets.xcassets in Resources */ = {isa = PBXBuildFile; fileRef = 7E1588FB29E7961500C09E62 /* Assets.xcassets */; };
		7E1588FF29E7961500C09E62 /* LaunchScreen.storyboard in Resources */ = {isa = PBXBuildFile; fileRef = 7E1588FD29E7961500C09E62 /* LaunchScreen.storyboard */; };
		7E15890C29E9ECDC00C09E62 /* MemeModel.swift in Sources */ = {isa = PBXBuildFile; fileRef = 7E15890B29E9ECDC00C09E62 /* MemeModel.swift */; };
		7E15891229ECCEE100C09E62 /* MemeTextFieldDelegate.swift in Sources */ = {isa = PBXBuildFile; fileRef = 7E15891129ECCEE100C09E62 /* MemeTextFieldDelegate.swift */; };
		7EC9572D29FA067200380B0A /* TableViewController.swift in Sources */ = {isa = PBXBuildFile; fileRef = 7EC9572C29FA067200380B0A /* TableViewController.swift */; };
		7EC9572F29FA06A400380B0A /* CollectionViewController.swift in Sources */ = {isa = PBXBuildFile; fileRef = 7EC9572E29FA06A400380B0A /* CollectionViewController.swift */; };
		7EF8B7EA29EDB11700B3DBBD /* TagToImagePickerSourceType.swift in Sources */ = {isa = PBXBuildFile; fileRef = 7EF8B7E929EDB11700B3DBBD /* TagToImagePickerSourceType.swift */; };
/* End PBXBuildFile section */

/* Begin PBXFileReference section */
		7E1588EF29E7961400C09E62 /* MeMe Project.app */ = {isa = PBXFileReference; explicitFileType = wrapper.application; includeInIndex = 0; path = "MeMe Project.app"; sourceTree = BUILT_PRODUCTS_DIR; };
		7E1588F229E7961400C09E62 /* AppDelegate.swift */ = {isa = PBXFileReference; lastKnownFileType = sourcecode.swift; path = AppDelegate.swift; sourceTree = "<group>"; };
		7E1588F429E7961400C09E62 /* SceneDelegate.swift */ = {isa = PBXFileReference; lastKnownFileType = sourcecode.swift; path = SceneDelegate.swift; sourceTree = "<group>"; };
		7E1588F629E7961400C09E62 /* MemeEditorViewController.swift */ = {isa = PBXFileReference; lastKnownFileType = sourcecode.swift; path = MemeEditorViewController.swift; sourceTree = "<group>"; };
		7E1588F929E7961400C09E62 /* Base */ = {isa = PBXFileReference; lastKnownFileType = file.storyboard; name = Base; path = Base.lproj/Main.storyboard; sourceTree = "<group>"; };
		7E1588FB29E7961500C09E62 /* Assets.xcassets */ = {isa = PBXFileReference; lastKnownFileType = folder.assetcatalog; path = Assets.xcassets; sourceTree = "<group>"; };
		7E1588FE29E7961500C09E62 /* Base */ = {isa = PBXFileReference; lastKnownFileType = file.storyboard; name = Base; path = Base.lproj/LaunchScreen.storyboard; sourceTree = "<group>"; };
		7E15890029E7961500C09E62 /* Info.plist */ = {isa = PBXFileReference; lastKnownFileType = text.plist.xml; path = Info.plist; sourceTree = "<group>"; };
		7E15890B29E9ECDC00C09E62 /* MemeModel.swift */ = {isa = PBXFileReference; lastKnownFileType = sourcecode.swift; path = MemeModel.swift; sourceTree = "<group>"; };
		7E15891129ECCEE100C09E62 /* MemeTextFieldDelegate.swift */ = {isa = PBXFileReference; lastKnownFileType = sourcecode.swift; path = MemeTextFieldDelegate.swift; sourceTree = "<group>"; };
		7EC9572C29FA067200380B0A /* TableViewController.swift */ = {isa = PBXFileReference; lastKnownFileType = sourcecode.swift; path = TableViewController.swift; sourceTree = "<group>"; };
		7EC9572E29FA06A400380B0A /* CollectionViewController.swift */ = {isa = PBXFileReference; lastKnownFileType = sourcecode.swift; path = CollectionViewController.swift; sourceTree = "<group>"; };
		7EF8B7E929EDB11700B3DBBD /* TagToImagePickerSourceType.swift */ = {isa = PBXFileReference; lastKnownFileType = sourcecode.swift; path = TagToImagePickerSourceType.swift; sourceTree = "<group>"; };
/* End PBXFileReference section */

/* Begin PBXFrameworksBuildPhase section */
		7E1588EC29E7961400C09E62 /* Frameworks */ = {
			isa = PBXFrameworksBuildPhase;
			buildActionMask = 2147483647;
			files = (
			);
			runOnlyForDeploymentPostprocessing = 0;
		};
/* End PBXFrameworksBuildPhase section */

/* Begin PBXGroup section */
		7E1588E629E7961400C09E62 = {
			isa = PBXGroup;
			children = (
				7E1588F129E7961400C09E62 /* MeMe Project */,
				7E1588F029E7961400C09E62 /* Products */,
			);
			sourceTree = "<group>";
		};
		7E1588F029E7961400C09E62 /* Products */ = {
			isa = PBXGroup;
			children = (
				7E1588EF29E7961400C09E62 /* MeMe Project.app */,
			);
			name = Products;
			sourceTree = "<group>";
		};
		7E1588F129E7961400C09E62 /* MeMe Project */ = {
			isa = PBXGroup;
			children = (
				7E15890F29ECCE1500C09E62 /* Controllers */,
				7E15890E29ECCE0800C09E62 /* Views */,
				7E15890D29ECCE0300C09E62 /* Models */,
				7E1588F229E7961400C09E62 /* AppDelegate.swift */,
				7E1588F429E7961400C09E62 /* SceneDelegate.swift */,
				7E1588FB29E7961500C09E62 /* Assets.xcassets */,
				7E1588FD29E7961500C09E62 /* LaunchScreen.storyboard */,
				7E15890029E7961500C09E62 /* Info.plist */,
			);
			path = "MeMe Project";
			sourceTree = "<group>";
		};
		7E15890D29ECCE0300C09E62 /* Models */ = {
			isa = PBXGroup;
			children = (
				7E15890B29E9ECDC00C09E62 /* MemeModel.swift */,
			);
			path = Models;
			sourceTree = "<group>";
		};
		7E15890E29ECCE0800C09E62 /* Views */ = {
			isa = PBXGroup;
			children = (
				7E1588F829E7961400C09E62 /* Main.storyboard */,
			);
			path = Views;
			sourceTree = "<group>";
		};
		7E15890F29ECCE1500C09E62 /* Controllers */ = {
			isa = PBXGroup;
			children = (
				7EF8B7E829EDB0ED00B3DBBD /* Extensions */,
				7E15891029ECCE3500C09E62 /* TextField Delegates */,
				7E1588F629E7961400C09E62 /* MemeEditorViewController.swift */,
				7EC9572C29FA067200380B0A /* TableViewController.swift */,
				7EC9572E29FA06A400380B0A /* CollectionViewController.swift */,
			);
			path = Controllers;
			sourceTree = "<group>";
		};
		7E15891029ECCE3500C09E62 /* TextField Delegates */ = {
			isa = PBXGroup;
			children = (
				7E15891129ECCEE100C09E62 /* MemeTextFieldDelegate.swift */,
			);
			path = "TextField Delegates";
			sourceTree = "<group>";
		};
		7EF8B7E829EDB0ED00B3DBBD /* Extensions */ = {
			isa = PBXGroup;
			children = (
				7EF8B7E929EDB11700B3DBBD /* TagToImagePickerSourceType.swift */,
			);
			path = Extensions;
			sourceTree = "<group>";
		};
/* End PBXGroup section */

/* Begin PBXNativeTarget section */
		7E1588EE29E7961400C09E62 /* MeMe Project */ = {
			isa = PBXNativeTarget;
			buildConfigurationList = 7E15890329E7961500C09E62 /* Build configuration list for PBXNativeTarget "MeMe Project" */;
			buildPhases = (
				7E1588EB29E7961400C09E62 /* Sources */,
				7E1588EC29E7961400C09E62 /* Frameworks */,
				7E1588ED29E7961400C09E62 /* Resources */,
			);
			buildRules = (
			);
			dependencies = (
			);
			name = "MeMe Project";
			productName = "MeMe Project";
			productReference = 7E1588EF29E7961400C09E62 /* MeMe Project.app */;
			productType = "com.apple.product-type.application";
		};
/* End PBXNativeTarget section */

/* Begin PBXProject section */
		7E1588E729E7961400C09E62 /* Project object */ = {
			isa = PBXProject;
			attributes = {
				BuildIndependentTargetsInParallel = 1;
				LastSwiftUpdateCheck = 1430;
				LastUpgradeCheck = 1430;
				TargetAttributes = {
					7E1588EE29E7961400C09E62 = {
						CreatedOnToolsVersion = 14.3;
					};
				};
			};
			buildConfigurationList = 7E1588EA29E7961400C09E62 /* Build configuration list for PBXProject "MeMe Project" */;
			compatibilityVersion = "Xcode 14.0";
			developmentRegion = en;
			hasScannedForEncodings = 0;
			knownRegions = (
				en,
				Base,
			);
			mainGroup = 7E1588E629E7961400C09E62;
			productRefGroup = 7E1588F029E7961400C09E62 /* Products */;
			projectDirPath = "";
			projectRoot = "";
			targets = (
				7E1588EE29E7961400C09E62 /* MeMe Project */,
			);
		};
/* End PBXProject section */

/* Begin PBXResourcesBuildPhase section */
		7E1588ED29E7961400C09E62 /* Resources */ = {
			isa = PBXResourcesBuildPhase;
			buildActionMask = 2147483647;
			files = (
				7E1588FF29E7961500C09E62 /* LaunchScreen.storyboard in Resources */,
				7E1588FC29E7961500C09E62 /* Assets.xcassets in Resources */,
				7E1588FA29E7961400C09E62 /* Main.storyboard in Resources */,
			);
			runOnlyForDeploymentPostprocessing = 0;
		};
/* End PBXResourcesBuildPhase section */

/* Begin PBXSourcesBuildPhase section */
		7E1588EB29E7961400C09E62 /* Sources */ = {
			isa = PBXSourcesBuildPhase;
			buildActionMask = 2147483647;
			files = (
				7E1588F729E7961400C09E62 /* MemeEditorViewController.swift in Sources */,
				7EC9572D29FA067200380B0A /* TableViewController.swift in Sources */,
				7E1588F329E7961400C09E62 /* AppDelegate.swift in Sources */,
				7E15891229ECCEE100C09E62 /* MemeTextFieldDelegate.swift in Sources */,
				7EC9572F29FA06A400380B0A /* CollectionViewController.swift in Sources */,
				7E1588F529E7961400C09E62 /* SceneDelegate.swift in Sources */,
				7EF8B7EA29EDB11700B3DBBD /* TagToImagePickerSourceType.swift in Sources */,
				7E15890C29E9ECDC00C09E62 /* MemeModel.swift in Sources */,
			);
			runOnlyForDeploymentPostprocessing = 0;
		};
/* End PBXSourcesBuildPhase section */

/* Begin PBXVariantGroup section */
		7E1588F829E7961400C09E62 /* Main.storyboard */ = {
			isa = PBXVariantGroup;
			children = (
				7E1588F929E7961400C09E62 /* Base */,
			);
			name = Main.storyboard;
			sourceTree = "<group>";
		};
		7E1588FD29E7961500C09E62 /* LaunchScreen.storyboard */ = {
			isa = PBXVariantGroup;
			children = (
				7E1588FE29E7961500C09E62 /* Base */,
			);
			name = LaunchScreen.storyboard;
			sourceTree = "<group>";
		};
/* End PBXVariantGroup section */

/* Begin XCBuildConfiguration section */
		7E15890129E7961500C09E62 /* Debug */ = {
			isa = XCBuildConfiguration;
			buildSettings = {
				ALWAYS_SEARCH_USER_PATHS = NO;
				CLANG_ANALYZER_NONNULL = YES;
				CLANG_ANALYZER_NUMBER_OBJECT_CONVERSION = YES_AGGRESSIVE;
				CLANG_CXX_LANGUAGE_STANDARD = "gnu++20";
				CLANG_ENABLE_MODULES = YES;
				CLANG_ENABLE_OBJC_ARC = YES;
				CLANG_ENABLE_OBJC_WEAK = YES;
				CLANG_WARN_BLOCK_CAPTURE_AUTORELEASING = YES;
				CLANG_WARN_BOOL_CONVERSION = YES;
				CLANG_WARN_COMMA = YES;
				CLANG_WARN_CONSTANT_CONVERSION = YES;
				CLANG_WARN_DEPRECATED_OBJC_IMPLEMENTATIONS = YES;
				CLANG_WARN_DIRECT_OBJC_ISA_USAGE = YES_ERROR;
				CLANG_WARN_DOCUMENTATION_COMMENTS = YES;
				CLANG_WARN_EMPTY_BODY = YES;
				CLANG_WARN_ENUM_CONVERSION = YES;
				CLANG_WARN_INFINITE_RECURSION = YES;
				CLANG_WARN_INT_CONVERSION = YES;
				CLANG_WARN_NON_LITERAL_NULL_CONVERSION = YES;
				CLANG_WARN_OBJC_IMPLICIT_RETAIN_SELF = YES;
				CLANG_WARN_OBJC_LITERAL_CONVERSION = YES;
				CLANG_WARN_OBJC_ROOT_CLASS = YES_ERROR;
				CLANG_WARN_QUOTED_INCLUDE_IN_FRAMEWORK_HEADER = YES;
				CLANG_WARN_RANGE_LOOP_ANALYSIS = YES;
				CLANG_WARN_STRICT_PROTOTYPES = YES;
				CLANG_WARN_SUSPICIOUS_MOVE = YES;
				CLANG_WARN_UNGUARDED_AVAILABILITY = YES_AGGRESSIVE;
				CLANG_WARN_UNREACHABLE_CODE = YES;
				CLANG_WARN__DUPLICATE_METHOD_MATCH = YES;
				COPY_PHASE_STRIP = NO;
				DEBUG_INFORMATION_FORMAT = dwarf;
				ENABLE_STRICT_OBJC_MSGSEND = YES;
				ENABLE_TESTABILITY = YES;
				GCC_C_LANGUAGE_STANDARD = gnu11;
				GCC_DYNAMIC_NO_PIC = NO;
				GCC_NO_COMMON_BLOCKS = YES;
				GCC_OPTIMIZATION_LEVEL = 0;
				GCC_PREPROCESSOR_DEFINITIONS = (
					"DEBUG=1",
					"$(inherited)",
				);
				GCC_WARN_64_TO_32_BIT_CONVERSION = YES;
				GCC_WARN_ABOUT_RETURN_TYPE = YES_ERROR;
				GCC_WARN_UNDECLARED_SELECTOR = YES;
				GCC_WARN_UNINITIALIZED_AUTOS = YES_AGGRESSIVE;
				GCC_WARN_UNUSED_FUNCTION = YES;
				GCC_WARN_UNUSED_VARIABLE = YES;
				IPHONEOS_DEPLOYMENT_TARGET = 16.4;
				MTL_ENABLE_DEBUG_INFO = INCLUDE_SOURCE;
				MTL_FAST_MATH = YES;
				ONLY_ACTIVE_ARCH = YES;
				SDKROOT = iphoneos;
				SWIFT_ACTIVE_COMPILATION_CONDITIONS = DEBUG;
				SWIFT_OPTIMIZATION_LEVEL = "-Onone";
			};
			name = Debug;
		};
		7E15890229E7961500C09E62 /* Release */ = {
			isa = XCBuildConfiguration;
			buildSettings = {
				ALWAYS_SEARCH_USER_PATHS = NO;
				CLANG_ANALYZER_NONNULL = YES;
				CLANG_ANALYZER_NUMBER_OBJECT_CONVERSION = YES_AGGRESSIVE;
				CLANG_CXX_LANGUAGE_STANDARD = "gnu++20";
				CLANG_ENABLE_MODULES = YES;
				CLANG_ENABLE_OBJC_ARC = YES;
				CLANG_ENABLE_OBJC_WEAK = YES;
				CLANG_WARN_BLOCK_CAPTURE_AUTORELEASING = YES;
				CLANG_WARN_BOOL_CONVERSION = YES;
				CLANG_WARN_COMMA = YES;
				CLANG_WARN_CONSTANT_CONVERSION = YES;
				CLANG_WARN_DEPRECATED_OBJC_IMPLEMENTATIONS = YES;
				CLANG_WARN_DIRECT_OBJC_ISA_USAGE = YES_ERROR;
				CLANG_WARN_DOCUMENTATION_COMMENTS = YES;
				CLANG_WARN_EMPTY_BODY = YES;
				CLANG_WARN_ENUM_CONVERSION = YES;
				CLANG_WARN_INFINITE_RECURSION = YES;
				CLANG_WARN_INT_CONVERSION = YES;
				CLANG_WARN_NON_LITERAL_NULL_CONVERSION = YES;
				CLANG_WARN_OBJC_IMPLICIT_RETAIN_SELF = YES;
				CLANG_WARN_OBJC_LITERAL_CONVERSION = YES;
				CLANG_WARN_OBJC_ROOT_CLASS = YES_ERROR;
				CLANG_WARN_QUOTED_INCLUDE_IN_FRAMEWORK_HEADER = YES;
				CLANG_WARN_RANGE_LOOP_ANALYSIS = YES;
				CLANG_WARN_STRICT_PROTOTYPES = YES;
				CLANG_WARN_SUSPICIOUS_MOVE = YES;
				CLANG_WARN_UNGUARDED_AVAILABILITY = YES_AGGRESSIVE;
				CLANG_WARN_UNREACHABLE_CODE = YES;
				CLANG_WARN__DUPLICATE_METHOD_MATCH = YES;
				COPY_PHASE_STRIP = NO;
				DEBUG_INFORMATION_FORMAT = "dwarf-with-dsym";
				ENABLE_NS_ASSERTIONS = NO;
				ENABLE_STRICT_OBJC_MSGSEND = YES;
				GCC_C_LANGUAGE_STANDARD = gnu11;
				GCC_NO_COMMON_BLOCKS = YES;
				GCC_WARN_64_TO_32_BIT_CONVERSION = YES;
				GCC_WARN_ABOUT_RETURN_TYPE = YES_ERROR;
				GCC_WARN_UNDECLARED_SELECTOR = YES;
				GCC_WARN_UNINITIALIZED_AUTOS = YES_AGGRESSIVE;
				GCC_WARN_UNUSED_FUNCTION = YES;
				GCC_WARN_UNUSED_VARIABLE = YES;
				IPHONEOS_DEPLOYMENT_TARGET = 16.4;
				MTL_ENABLE_DEBUG_INFO = NO;
				MTL_FAST_MATH = YES;
				SDKROOT = iphoneos;
				SWIFT_COMPILATION_MODE = wholemodule;
				SWIFT_OPTIMIZATION_LEVEL = "-O";
				VALIDATE_PRODUCT = YES;
			};
			name = Release;
		};
		7E15890429E7961500C09E62 /* Debug */ = {
			isa = XCBuildConfiguration;
			buildSettings = {
				ASSETCATALOG_COMPILER_APPICON_NAME = AppIcon;
				ASSETCATALOG_COMPILER_GLOBAL_ACCENT_COLOR_NAME = AccentColor;
				CODE_SIGN_STYLE = Automatic;
				CURRENT_PROJECT_VERSION = 1;
				DEVELOPMENT_TEAM = 3G33A99C47;
				GENERATE_INFOPLIST_FILE = YES;
				INFOPLIST_FILE = "MeMe Project/Info.plist";
				INFOPLIST_KEY_UIApplicationSupportsIndirectInputEvents = YES;
				INFOPLIST_KEY_UILaunchStoryboardName = LaunchScreen;
				INFOPLIST_KEY_UIMainStoryboardFile = Main;
				INFOPLIST_KEY_UISupportedInterfaceOrientations_iPad = "UIInterfaceOrientationPortrait UIInterfaceOrientationPortraitUpsideDown UIInterfaceOrientationLandscapeLeft UIInterfaceOrientationLandscapeRight";
				INFOPLIST_KEY_UISupportedInterfaceOrientations_iPhone = "UIInterfaceOrientationPortrait UIInterfaceOrientationLandscapeLeft UIInterfaceOrientationLandscapeRight";
				IPHONEOS_DEPLOYMENT_TARGET = 13.0;
				LD_RUNPATH_SEARCH_PATHS = (
					"$(inherited)",
					"@executable_path/Frameworks",
				);
				MARKETING_VERSION = 1.0;
				PRODUCT_BUNDLE_IDENTIFIER = "com.aob.MeMe-Project";
				PRODUCT_NAME = "$(TARGET_NAME)";
				SWIFT_EMIT_LOC_STRINGS = YES;
				SWIFT_VERSION = 5.0;
				TARGETED_DEVICE_FAMILY = "1,2";
			};
			name = Debug;
		};
		7E15890529E7961500C09E62 /* Release */ = {
			isa = XCBuildConfiguration;
			buildSettings = {
				ASSETCATALOG_COMPILER_APPICON_NAME = AppIcon;
				ASSETCATALOG_COMPILER_GLOBAL_ACCENT_COLOR_NAME = AccentColor;
				CODE_SIGN_STYLE = Automatic;
				CURRENT_PROJECT_VERSION = 1;
				DEVELOPMENT_TEAM = 3G33A99C47;
				GENERATE_INFOPLIST_FILE = YES;
				INFOPLIST_FILE = "MeMe Project/Info.plist";
				INFOPLIST_KEY_UIApplicationSupportsIndirectInputEvents = YES;
				INFOPLIST_KEY_UILaunchStoryboardName = LaunchScreen;
				INFOPLIST_KEY_UIMainStoryboardFile = Main;
				INFOPLIST_KEY_UISupportedInterfaceOrientations_iPad = "UIInterfaceOrientationPortrait UIInterfaceOrientationPortraitUpsideDown UIInterfaceOrientationLandscapeLeft UIInterfaceOrientationLandscapeRight";
				INFOPLIST_KEY_UISupportedInterfaceOrientations_iPhone = "UIInterfaceOrientationPortrait UIInterfaceOrientationLandscapeLeft UIInterfaceOrientationLandscapeRight";
				IPHONEOS_DEPLOYMENT_TARGET = 13.0;
				LD_RUNPATH_SEARCH_PATHS = (
					"$(inherited)",
					"@executable_path/Frameworks",
				);
				MARKETING_VERSION = 1.0;
				PRODUCT_BUNDLE_IDENTIFIER = "com.aob.MeMe-Project";
				PRODUCT_NAME = "$(TARGET_NAME)";
				SWIFT_EMIT_LOC_STRINGS = YES;
				SWIFT_VERSION = 5.0;
				TARGETED_DEVICE_FAMILY = "1,2";
			};
			name = Release;
		};
/* End XCBuildConfiguration section */

/* Begin XCConfigurationList section */
		7E1588EA29E7961400C09E62 /* Build configuration list for PBXProject "MeMe Project" */ = {
			isa = XCConfigurationList;
			buildConfigurations = (
				7E15890129E7961500C09E62 /* Debug */,
				7E15890229E7961500C09E62 /* Release */,
			);
			defaultConfigurationIsVisible = 0;
			defaultConfigurationName = Release;
		};
		7E15890329E7961500C09E62 /* Build configuration list for PBXNativeTarget "MeMe Project" */ = {
			isa = XCConfigurationList;
			buildConfigurations = (
				7E15890429E7961500C09E62 /* Debug */,
				7E15890529E7961500C09E62 /* Release */,
			);
			defaultConfigurationIsVisible = 0;
			defaultConfigurationName = Release;
		};
/* End XCConfigurationList section */
	};
	rootObject = 7E1588E729E7961400C09E62 /* Project object */;
}
